
Microsoft Visual Studio Solution File, Format Version 12.00
# Visual Studio Version 17
VisualStudioVersion = 17.12.35707.178 d17.12
MinimumVisualStudioVersion = 10.0.40219.1
Project("{FAE04EC0-301F-11D3-BF4B-00C04F79EFBC}") = "sylvia-streaming-bot", "sylvia-streaming-bot.csproj", "{CEC87415-657D-4962-ADDB-9A85181ACA1D}"
EndProject
Global
	GlobalSection(SolutionConfigurationPlatforms) = preSolution
		Debug|Any CPU = Debug|Any CPU
		Release|Any CPU = Release|Any CPU
	EndGlobalSection
	GlobalSection(ProjectConfigurationPlatforms) = postSolution
		{CEC87415-657D-4962-ADDB-9A85181ACA1D}.Debug|Any CPU.ActiveCfg = Debug|Any CPU
		{CEC87415-657D-4962-ADDB-9A85181ACA1D}.Debug|Any CPU.Build.0 = Debug|Any CPU
		{CEC87415-657D-4962-ADDB-9A85181ACA1D}.Release|Any CPU.ActiveCfg = Release|Any CPU
		{CEC87415-657D-4962-ADDB-9A85181ACA1D}.Release|Any CPU.Build.0 = Release|Any CPU
	EndGlobalSection
	GlobalSection(SolutionProperties) = preSolution
		HideSolutionNode = FALSE
	EndGlobalSection
EndGlobal
